
Microsoft Visual Studio Solution File, Format Version 12.00
# Visual Studio Version 17
VisualStudioVersion = 17.14.36414.22 d17.14
MinimumVisualStudioVersion = 10.0.40219.1
Project("{FAE04EC0-301F-11D3-BF4B-00C04F79EFBC}") = "IKEA.PL", "IKEA.PL\IKEA.PL.csproj", "{1DA5F142-2979-4588-8B66-ACA0FB181A28}"
EndProject
Project("{2150E333-8FDC-42A3-9474-1A3956D46DE8}") = "Solution Items", "Solution Items", "{02EA681E-C7D8-13C7-8484-4AC65E1B71E8}"
	ProjectSection(SolutionItems) = preProject
		.editorconfig = .editorconfig
	EndProjectSection
EndProject
Project("{FAE04EC0-301F-11D3-BF4B-00C04F79EFBC}") = "IKEA.BLL", "IKEA.BLL\IKEA.BLL.csproj", "{724BBDD3-4981-4358-8160-15323C899B4B}"
EndProject
Project("{FAE04EC0-301F-11D3-BF4B-00C04F79EFBC}") = "IKEA.DAL", "IKEA.DAL\IKEA.DAL.csproj", "{1CFD5053-865E-4030-A570-74B7805C3B44}"
EndProject
Global
	GlobalSection(SolutionConfigurationPlatforms) = preSolution
		Debug|Any CPU = Debug|Any CPU
		Release|Any CPU = Release|Any CPU
	EndGlobalSection
	GlobalSection(ProjectConfigurationPlatforms) = postSolution
		{1DA5F142-2979-4588-8B66-ACA0FB181A28}.Debug|Any CPU.ActiveCfg = Debug|Any CPU
		{1DA5F142-2979-4588-8B66-ACA0FB181A28}.Debug|Any CPU.Build.0 = Debug|Any CPU
		{1DA5F142-2979-4588-8B66-ACA0FB181A28}.Release|Any CPU.ActiveCfg = Release|Any CPU
		{1DA5F142-2979-4588-8B66-ACA0FB181A28}.Release|Any CPU.Build.0 = Release|Any CPU
		{724BBDD3-4981-4358-8160-15323C899B4B}.Debug|Any CPU.ActiveCfg = Debug|Any CPU
		{724BBDD3-4981-4358-8160-15323C899B4B}.Debug|Any CPU.Build.0 = Debug|Any CPU
		{724BBDD3-4981-4358-8160-15323C899B4B}.Release|Any CPU.ActiveCfg = Release|Any CPU
		{724BBDD3-4981-4358-8160-15323C899B4B}.Release|Any CPU.Build.0 = Release|Any CPU
		{1CFD5053-865E-4030-A570-74B7805C3B44}.Debug|Any CPU.ActiveCfg = Debug|Any CPU
		{1CFD5053-865E-4030-A570-74B7805C3B44}.Debug|Any CPU.Build.0 = Debug|Any CPU
		{1CFD5053-865E-4030-A570-74B7805C3B44}.Release|Any CPU.ActiveCfg = Release|Any CPU
		{1CFD5053-865E-4030-A570-74B7805C3B44}.Release|Any CPU.Build.0 = Release|Any CPU
	EndGlobalSection
	GlobalSection(SolutionProperties) = preSolution
		HideSolutionNode = FALSE
	EndGlobalSection
	GlobalSection(ExtensibilityGlobals) = postSolution
		SolutionGuid = {43586F4B-056E-47A3-8F56-F488CFC51141}
	EndGlobalSection
EndGlobal
